
Microsoft Visual Studio Solution File, Format Version 12.00
# Visual Studio Version 17
VisualStudioVersion = 17.1.32319.34
MinimumVisualStudioVersion = 10.0.40219.1
Project("{FAE04EC0-301F-11D3-BF4B-00C04F79EFBC}") = "CSC240-03-03-AdmissionGUI-xxx", "CSC240-03-03-AdmissionGUI-xxx.csproj", "{1036C990-75B6-477A-A74F-0A196017988A}"
EndProject
Global
	GlobalSection(SolutionConfigurationPlatforms) = preSolution
		Debug|Any CPU = Debug|Any CPU
		Release|Any CPU = Release|Any CPU
	EndGlobalSection
	GlobalSection(ProjectConfigurationPlatforms) = postSolution
		{1036C990-75B6-477A-A74F-0A196017988A}.Debug|Any CPU.ActiveCfg = Debug|Any CPU
		{1036C990-75B6-477A-A74F-0A196017988A}.Debug|Any CPU.Build.0 = Debug|Any CPU
		{1036C990-75B6-477A-A74F-0A196017988A}.Release|Any CPU.ActiveCfg = Release|Any CPU
		{1036C990-75B6-477A-A74F-0A196017988A}.Release|Any CPU.Build.0 = Release|Any CPU
	EndGlobalSection
	GlobalSection(SolutionProperties) = preSolution
		HideSolutionNode = FALSE
	EndGlobalSection
	GlobalSection(ExtensibilityGlobals) = postSolution
		SolutionGuid = {7F1395CF-BD17-476B-BB15-17CAD0B6F6E1}
	EndGlobalSection
EndGlobal
